
Microsoft Visual Studio Solution File, Format Version 12.00
# Visual Studio Version 17
VisualStudioVersion = 17.8.34525.116
MinimumVisualStudioVersion = 10.0.40219.1
Project("{FAE04EC0-301F-11D3-BF4B-00C04F79EFBC}") = "ChessBoardWithCircle", "ChessBoardWithCircle\ChessBoardWithCircle.csproj", "{D54C7CA6-9E6E-4320-8223-31661C003A62}"
EndProject
Global
	GlobalSection(SolutionConfigurationPlatforms) = preSolution
		Debug|Any CPU = Debug|Any CPU
		Release|Any CPU = Release|Any CPU
	EndGlobalSection
	GlobalSection(ProjectConfigurationPlatforms) = postSolution
		{D54C7CA6-9E6E-4320-8223-31661C003A62}.Debug|Any CPU.ActiveCfg = Debug|Any CPU
		{D54C7CA6-9E6E-4320-8223-31661C003A62}.Debug|Any CPU.Build.0 = Debug|Any CPU
		{D54C7CA6-9E6E-4320-8223-31661C003A62}.Release|Any CPU.ActiveCfg = Release|Any CPU
		{D54C7CA6-9E6E-4320-8223-31661C003A62}.Release|Any CPU.Build.0 = Release|Any CPU
	EndGlobalSection
	GlobalSection(SolutionProperties) = preSolution
		HideSolutionNode = FALSE
	EndGlobalSection
	GlobalSection(ExtensibilityGlobals) = postSolution
		SolutionGuid = {DA764A80-E78B-45EA-A979-FAD0A9EFF2A1}
	EndGlobalSection
EndGlobal
